PODS:
  - device_info_plus (0.0.1):
    - Flutter
  - Flutter (1.0.0)
  - iOSMcuManagerLibrary (1.12):
    - SwiftCBOR (= 0.5.0)
    - ZIPFoundation (= 0.9.19)
  - mcumgr_flutter (0.9.0):
    - Flutter
    - FlutterMacOS
    - iOSMcuManagerLibrary (= 1.12)
    - SwiftProtobuf
  - SwiftCBOR (0.5.0)
  - SwiftProtobuf (1.37.0)
  - ZIPFoundation (0.9.19)

DEPENDENCIES:
  - device_info_plus (from `.symlinks/plugins/device_info_plus/ios`)
  - Flutter (from `Flutter`)
  - mcumgr_flutter (from `.symlinks/plugins/mcumgr_flutter/darwin`)

SPEC REPOS:
  trunk:
    - iOSMcuManagerLibrary
    - SwiftCBOR
    - SwiftProtobuf
    - ZIPFoundation

EXTERNAL SOURCES:
  device_info_plus:
    :path: ".symlinks/plugins/device_info_plus/ios"
  Flutter:
    :path: Flutter
  mcumgr_flutter:
    :path: ".symlinks/plugins/mcumgr_flutter/darwin"

SPEC CHECKSUMS:
  device_info_plus: 71ffc6ab7634ade6267c7a93088ed7e4f74e5896
  Flutter: cabc95a1d2626b1b06e7179b784ebcf0c0cde467
  iOSMcuManagerLibrary: f72db849f6dd66b1f26cd7eea776050a22c8591c
  mcumgr_flutter: b9864b2ae8334b6ba2b33f9ab4fc0a67bbe75c7a
  SwiftCBOR: aa87349b4ccddd19f861aa544f7c27d43dee5772
  SwiftProtobuf: 3fafd1b2fb97e6d95ad9c8adb2215da9afec7c83
  ZIPFoundation: b8c29ea7ae353b309bc810586181fd073cb3312c

PODFILE CHECKSUM: 966087727954c3bf1639d9952d83e40873e13a60

COCOAPODS: 1.16.2
